PODS:
  - EnumKit (1.1.2)
  - RxCocoa (5.1.1):
    - RxRelay (~> 5)
    - RxSwift (~> 5)
  - RxEnumKit (1.0.3):
    - EnumKit (~> 1.1)
    - RxCocoa (~> 5.0)
  - RxRelay (5.1.1):
    - RxSwift (~> 5)
  - RxSwift (5.1.1)

DEPENDENCIES:
  - RxEnumKit (~> 1.0.2)
  - RxSwift (~> 5)

SPEC REPOS:
  https://github.com/CocoaPods/Specs.git:
    - EnumKit
    - RxCocoa
    - RxEnumKit
    - RxRelay
    - RxSwift

SPEC CHECKSUMS:
  EnumKit: d44634a9755c252cd0b52c8ec5e8e97160895c6b
  RxCocoa: 32065309a38d29b5b0db858819b5bf9ef038b601
  RxEnumKit: f7ac14227624ee45e234f1be8bd9ccfed2102d28
  RxRelay: d77f7d771495f43c556cbc43eebd1bb54d01e8e9
  RxSwift: 81470a2074fa8780320ea5fe4102807cb7118178

PODFILE CHECKSUM: 4d298d869d0bd56067321c2845d9266950b5ba9a

COCOAPODS: 1.9.3
